
Microsoft Visual Studio Solution File, Format Version 12.00
# Visual Studio Version 16
VisualStudioVersion = 16.0.30517.126
MinimumVisualStudioVersion = 10.0.40219.1
Project("{FAE04EC0-301F-11D3-BF4B-00C04F79EFBC}") = "WinPuzzle", "WinPuzzle\WinPuzzle.csproj", "{3EE302EC-5960-452A-AC0C-A874FD1442E6}"
EndProject
Project("{FAE04EC0-301F-11D3-BF4B-00C04F79EFBC}") = "Puzzle.Library", "Puzzle.Library\Puzzle.Library.csproj", "{C3E0B65B-FC2C-45D5-9C3D-15669E75BF32}"
EndProject
Global
	GlobalSection(SolutionConfigurationPlatforms) = preSolution
		Debug|Any CPU = Debug|Any CPU
		Release|Any CPU = Release|Any CPU
	EndGlobalSection
	GlobalSection(ProjectConfigurationPlatforms) = postSolution
		{3EE302EC-5960-452A-AC0C-A874FD1442E6}.Debug|Any CPU.ActiveCfg = Debug|Any CPU
		{3EE302EC-5960-452A-AC0C-A874FD1442E6}.Debug|Any CPU.Build.0 = Debug|Any CPU
		{3EE302EC-5960-452A-AC0C-A874FD1442E6}.Release|Any CPU.ActiveCfg = Release|Any CPU
		{3EE302EC-5960-452A-AC0C-A874FD1442E6}.Release|Any CPU.Build.0 = Release|Any CPU
		{C3E0B65B-FC2C-45D5-9C3D-15669E75BF32}.Debug|Any CPU.ActiveCfg = Debug|Any CPU
		{C3E0B65B-FC2C-45D5-9C3D-15669E75BF32}.Debug|Any CPU.Build.0 = Debug|Any CPU
		{C3E0B65B-FC2C-45D5-9C3D-15669E75BF32}.Release|Any CPU.ActiveCfg = Release|Any CPU
		{C3E0B65B-FC2C-45D5-9C3D-15669E75BF32}.Release|Any CPU.Build.0 = Release|Any CPU
	EndGlobalSection
	GlobalSection(SolutionProperties) = preSolution
		HideSolutionNode = FALSE
	EndGlobalSection
	GlobalSection(ExtensibilityGlobals) = postSolution
		SolutionGuid = {A310B3BC-2F61-4003-B45A-9D0FD8BD9605}
	EndGlobalSection
EndGlobal
